# THIS IS AN AUTOGENERATED FILE. DO NOT EDIT THIS FILE DIRECTLY.
# yarn lockfile v1


"@cli-engine/screen@^0.0.0":
  version "0.0.0"
  resolved "https://registry.yarnpkg.com/@cli-engine/screen/-/screen-0.0.0.tgz#c2e847c7d4d998490c9097282bf21637d5162116"
  integrity sha512-q7fS724xIeDyFABohyXe5KOpKjcpTpmH4byBy5JTIL+UM71VNVlkP//NC8IWEqEU4rh1HrMPBvrMEWgrao2tFQ==

"@heroku/linewrap@^1.0.0":
  version "1.0.0"
  resolved "https://registry.yarnpkg.com/@heroku/linewrap/-/linewrap-1.0.0.tgz#a9d4e99f0a3e423a899b775f5f3d6747a1ff15c6"
  integrity sha512-qPeQp2DnALUwWKaL6ZXfnOw/lHp+zNg5V8whx5c/Y10HMWYjuQFqKupgoJgyuEYjnvYwoZTarW280+aOXWQLCQ==

cli-flags@^2.0.7:
  version "2.0.7"
  resolved "https://registry.yarnpkg.com/cli-flags/-/cli-flags-2.0.7.tgz#215b3f8d911142c3e4833eaf7f2f96ab97fd22cf"
  integrity sha512-Qb0mosc+AQpVOKQLZCDX09w8ZJ+Pthrc18DdPNwN4zcMmbiq9sRryNLglrVdpycU0hKRzUraxg167FBIsqT7zA==
  dependencies:
    "@cli-engine/screen" "^0.0.0"
    "@heroku/linewrap" "^1.0.0"
    ts-lodash "^4.0.8"

load-json-file@^7.0.1:
  version "7.0.1"
  resolved "https://registry.yarnpkg.com/load-json-file/-/load-json-file-7.0.1.tgz#a3c9fde6beffb6bedb5acf104fad6bb1604e1b00"
  integrity sha512-Gnxj3ev3mB5TkVBGad0JM6dmLiQL+o0t23JPBZ9sd+yvSLk05mFoqKBw5N8gbbkU4TNXyqCgIrl/VM17OgUIgQ==

lodash@^4.17.4:
  version "4.17.21"
  resolved "https://registry.yarnpkg.com/lodash/-/lodash-4.17.21.tgz#679591c564c3bffaae8454cf0b3df370c3d6911c"
  integrity sha512-v2kDEe57lecTulaDIuNTPy3Ry4gLGJ6Z1O3vE1krgXZNrsQ+LFTGHVxVjcXPs17LhbZVGedAJv8XZ1tvj5FvSg==

ts-lodash@^4.0.8:
  version "4.0.11"
  resolved "https://registry.yarnpkg.com/ts-lodash/-/ts-lodash-4.0.11.tgz#f668e2ad4b6cb3bcbeceb894cf0a8cde48b3cd85"
  integrity sha512-MtePBFKyRbaPVA4TLCbQxoOcpVIsGF3SCirqfMGAea9lobDZzCx4920umXysue99y2vj2/F59VKkkxy4UWVoFA==
  dependencies:
    lodash "^4.17.4"
